
Microsoft Visual Studio Solution File, Format Version 12.00
# Visual Studio Version 16
VisualStudioVersion = 16.6.30114.105
MinimumVisualStudioVersion = 10.0.40219.1
Project("{2150E333-8FDC-42A3-9474-1A3956D46DE8}") = "src", "src", "{17925D24-843A-4AFB-AB18-440E638C5981}"
EndProject
Project("{9A19103F-16F7-4668-BE54-9A1E7A4F7556}") = "Sample.API", "src\Sample.API\Sample.API.csproj", "{953D05AB-76E2-4BF8-9D6D-842F0674FE02}"
EndProject
Project("{9A19103F-16F7-4668-BE54-9A1E7A4F7556}") = "Sample.Application", "src\Sample.Application\Sample.Application.csproj", "{5FB229F6-C35B-4714-A4F4-23CB6C934CA7}"
EndProject
Project("{9A19103F-16F7-4668-BE54-9A1E7A4F7556}") = "Sample.Domain", "src\Sample.Domain\Sample.Domain.csproj", "{AB1523BE-DE77-4712-A2F3-46422F9B0E9D}"
EndProject
Project("{9A19103F-16F7-4668-BE54-9A1E7A4F7556}") = "Sample.Infra", "src\Sample.Infra\Sample.Infra.csproj", "{0DEC3514-A190-4363-91EB-57A1CCFEE4FE}"
EndProject
Project("{2150E333-8FDC-42A3-9474-1A3956D46DE8}") = "tests", "tests", "{BEED7E87-06AA-4958-A9F5-E079C53D8E18}"
EndProject
Project("{FAE04EC0-301F-11D3-BF4B-00C04F79EFBC}") = "Sample.Tests", "tests\Sample.Tests\Sample.Tests.csproj", "{7FB43288-75BA-43D5-AC3C-4B7B68999C93}"
EndProject
Project("{FAE04EC0-301F-11D3-BF4B-00C04F79EFBC}") = "Sample.ArchUnitTests", "tests\Sample.ArchUnitTests\Sample.ArchUnitTests.csproj", "{0AB922E1-CDCF-42EB-957E-A83ACD13E830}"
EndProject
Global
	GlobalSection(SolutionConfigurationPlatforms) = preSolution
		Debug|Any CPU = Debug|Any CPU
		Debug|x64 = Debug|x64
		Debug|x86 = Debug|x86
		Release|Any CPU = Release|Any CPU
		Release|x64 = Release|x64
		Release|x86 = Release|x86
	EndGlobalSection
	GlobalSection(ProjectConfigurationPlatforms) = postSolution
		{953D05AB-76E2-4BF8-9D6D-842F0674FE02}.Debug|Any CPU.ActiveCfg = Debug|Any CPU
		{953D05AB-76E2-4BF8-9D6D-842F0674FE02}.Debug|Any CPU.Build.0 = Debug|Any CPU
		{953D05AB-76E2-4BF8-9D6D-842F0674FE02}.Debug|x64.ActiveCfg = Debug|Any CPU
		{953D05AB-76E2-4BF8-9D6D-842F0674FE02}.Debug|x64.Build.0 = Debug|Any CPU
		{953D05AB-76E2-4BF8-9D6D-842F0674FE02}.Debug|x86.ActiveCfg = Debug|Any CPU
		{953D05AB-76E2-4BF8-9D6D-842F0674FE02}.Debug|x86.Build.0 = Debug|Any CPU
		{953D05AB-76E2-4BF8-9D6D-842F0674FE02}.Release|Any CPU.ActiveCfg = Release|Any CPU
		{953D05AB-76E2-4BF8-9D6D-842F0674FE02}.Release|Any CPU.Build.0 = Release|Any CPU
		{953D05AB-76E2-4BF8-9D6D-842F0674FE02}.Release|x64.ActiveCfg = Release|Any CPU
		{953D05AB-76E2-4BF8-9D6D-842F0674FE02}.Release|x64.Build.0 = Release|Any CPU
		{953D05AB-76E2-4BF8-9D6D-842F0674FE02}.Release|x86.ActiveCfg = Release|Any CPU
		{953D05AB-76E2-4BF8-9D6D-842F0674FE02}.Release|x86.Build.0 = Release|Any CPU
		{5FB229F6-C35B-4714-A4F4-23CB6C934CA7}.Debug|Any CPU.ActiveCfg = Debug|Any CPU
		{5FB229F6-C35B-4714-A4F4-23CB6C934CA7}.Debug|Any CPU.Build.0 = Debug|Any CPU
		{5FB229F6-C35B-4714-A4F4-23CB6C934CA7}.Debug|x64.ActiveCfg = Debug|Any CPU
		{5FB229F6-C35B-4714-A4F4-23CB6C934CA7}.Debug|x64.Build.0 = Debug|Any CPU
		{5FB229F6-C35B-4714-A4F4-23CB6C934CA7}.Debug|x86.ActiveCfg = Debug|Any CPU
		{5FB229F6-C35B-4714-A4F4-23CB6C934CA7}.Debug|x86.Build.0 = Debug|Any CPU
		{5FB229F6-C35B-4714-A4F4-23CB6C934CA7}.Release|Any CPU.ActiveCfg = Release|Any CPU
		{5FB229F6-C35B-4714-A4F4-23CB6C934CA7}.Release|Any CPU.Build.0 = Release|Any CPU
		{5FB229F6-C35B-4714-A4F4-23CB6C934CA7}.Release|x64.ActiveCfg = Release|Any CPU
		{5FB229F6-C35B-4714-A4F4-23CB6C934CA7}.Release|x64.Build.0 = Release|Any CPU
		{5FB229F6-C35B-4714-A4F4-23CB6C934CA7}.Release|x86.ActiveCfg = Release|Any CPU
		{5FB229F6-C35B-4714-A4F4-23CB6C934CA7}.Release|x86.Build.0 = Release|Any CPU
		{AB1523BE-DE77-4712-A2F3-46422F9B0E9D}.Debug|Any CPU.ActiveCfg = Debug|Any CPU
		{AB1523BE-DE77-4712-A2F3-46422F9B0E9D}.Debug|Any CPU.Build.0 = Debug|Any CPU
		{AB1523BE-DE77-4712-A2F3-46422F9B0E9D}.Debug|x64.ActiveCfg = Debug|Any CPU
		{AB1523BE-DE77-4712-A2F3-46422F9B0E9D}.Debug|x64.Build.0 = Debug|Any CPU
		{AB1523BE-DE77-4712-A2F3-46422F9B0E9D}.Debug|x86.ActiveCfg = Debug|Any CPU
		{AB1523BE-DE77-4712-A2F3-46422F9B0E9D}.Debug|x86.Build.0 = Debug|Any CPU
		{AB1523BE-DE77-4712-A2F3-46422F9B0E9D}.Release|Any CPU.ActiveCfg = Release|Any CPU
		{AB1523BE-DE77-4712-A2F3-46422F9B0E9D}.Release|Any CPU.Build.0 = Release|Any CPU
		{AB1523BE-DE77-4712-A2F3-46422F9B0E9D}.Release|x64.ActiveCfg = Release|Any CPU
		{AB1523BE-DE77-4712-A2F3-46422F9B0E9D}.Release|x64.Build.0 = Release|Any CPU
		{AB1523BE-DE77-4712-A2F3-46422F9B0E9D}.Release|x86.ActiveCfg = Release|Any CPU
		{AB1523BE-DE77-4712-A2F3-46422F9B0E9D}.Release|x86.Build.0 = Release|Any CPU
		{0DEC3514-A190-4363-91EB-57A1CCFEE4FE}.Debug|Any CPU.ActiveCfg = Debug|Any CPU
		{0DEC3514-A190-4363-91EB-57A1CCFEE4FE}.Debug|Any CPU.Build.0 = Debug|Any CPU
		{0DEC3514-A190-4363-91EB-57A1CCFEE4FE}.Debug|x64.ActiveCfg = Debug|Any CPU
		{0DEC3514-A190-4363-91EB-57A1CCFEE4FE}.Debug|x64.Build.0 = Debug|Any CPU
		{0DEC3514-A190-4363-91EB-57A1CCFEE4FE}.Debug|x86.ActiveCfg = Debug|Any CPU
		{0DEC3514-A190-4363-91EB-57A1CCFEE4FE}.Debug|x86.Build.0 = Debug|Any CPU
		{0DEC3514-A190-4363-91EB-57A1CCFEE4FE}.Release|Any CPU.ActiveCfg = Release|Any CPU
		{0DEC3514-A190-4363-91EB-57A1CCFEE4FE}.Release|Any CPU.Build.0 = Release|Any CPU
		{0DEC3514-A190-4363-91EB-57A1CCFEE4FE}.Release|x64.ActiveCfg = Release|Any CPU
		{0DEC3514-A190-4363-91EB-57A1CCFEE4FE}.Release|x64.Build.0 = Release|Any CPU
		{0DEC3514-A190-4363-91EB-57A1CCFEE4FE}.Release|x86.ActiveCfg = Release|Any CPU
		{0DEC3514-A190-4363-91EB-57A1CCFEE4FE}.Release|x86.Build.0 = Release|Any CPU
		{7FB43288-75BA-43D5-AC3C-4B7B68999C93}.Debug|Any CPU.ActiveCfg = Debug|Any CPU
		{7FB43288-75BA-43D5-AC3C-4B7B68999C93}.Debug|Any CPU.Build.0 = Debug|Any CPU
		{7FB43288-75BA-43D5-AC3C-4B7B68999C93}.Debug|x64.ActiveCfg = Debug|Any CPU
		{7FB43288-75BA-43D5-AC3C-4B7B68999C93}.Debug|x64.Build.0 = Debug|Any CPU
		{7FB43288-75BA-43D5-AC3C-4B7B68999C93}.Debug|x86.ActiveCfg = Debug|Any CPU
		{7FB43288-75BA-43D5-AC3C-4B7B68999C93}.Debug|x86.Build.0 = Debug|Any CPU
		{7FB43288-75BA-43D5-AC3C-4B7B68999C93}.Release|Any CPU.ActiveCfg = Release|Any CPU
		{7FB43288-75BA-43D5-AC3C-4B7B68999C93}.Release|Any CPU.Build.0 = Release|Any CPU
		{7FB43288-75BA-43D5-AC3C-4B7B68999C93}.Release|x64.ActiveCfg = Release|Any CPU
		{7FB43288-75BA-43D5-AC3C-4B7B68999C93}.Release|x64.Build.0 = Release|Any CPU
		{7FB43288-75BA-43D5-AC3C-4B7B68999C93}.Release|x86.ActiveCfg = Release|Any CPU
		{7FB43288-75BA-43D5-AC3C-4B7B68999C93}.Release|x86.Build.0 = Release|Any CPU
		{0AB922E1-CDCF-42EB-957E-A83ACD13E830}.Debug|Any CPU.ActiveCfg = Debug|Any CPU
		{0AB922E1-CDCF-42EB-957E-A83ACD13E830}.Debug|Any CPU.Build.0 = Debug|Any CPU
		{0AB922E1-CDCF-42EB-957E-A83ACD13E830}.Debug|x64.ActiveCfg = Debug|Any CPU
		{0AB922E1-CDCF-42EB-957E-A83ACD13E830}.Debug|x64.Build.0 = Debug|Any CPU
		{0AB922E1-CDCF-42EB-957E-A83ACD13E830}.Debug|x86.ActiveCfg = Debug|Any CPU
		{0AB922E1-CDCF-42EB-957E-A83ACD13E830}.Debug|x86.Build.0 = Debug|Any CPU
		{0AB922E1-CDCF-42EB-957E-A83ACD13E830}.Release|Any CPU.ActiveCfg = Release|Any CPU
		{0AB922E1-CDCF-42EB-957E-A83ACD13E830}.Release|Any CPU.Build.0 = Release|Any CPU
		{0AB922E1-CDCF-42EB-957E-A83ACD13E830}.Release|x64.ActiveCfg = Release|Any CPU
		{0AB922E1-CDCF-42EB-957E-A83ACD13E830}.Release|x64.Build.0 = Release|Any CPU
		{0AB922E1-CDCF-42EB-957E-A83ACD13E830}.Release|x86.ActiveCfg = Release|Any CPU
		{0AB922E1-CDCF-42EB-957E-A83ACD13E830}.Release|x86.Build.0 = Release|Any CPU
	EndGlobalSection
	GlobalSection(SolutionProperties) = preSolution
		HideSolutionNode = FALSE
	EndGlobalSection
	GlobalSection(NestedProjects) = preSolution
		{953D05AB-76E2-4BF8-9D6D-842F0674FE02} = {17925D24-843A-4AFB-AB18-440E638C5981}
		{5FB229F6-C35B-4714-A4F4-23CB6C934CA7} = {17925D24-843A-4AFB-AB18-440E638C5981}
		{AB1523BE-DE77-4712-A2F3-46422F9B0E9D} = {17925D24-843A-4AFB-AB18-440E638C5981}
		{0DEC3514-A190-4363-91EB-57A1CCFEE4FE} = {17925D24-843A-4AFB-AB18-440E638C5981}
		{7FB43288-75BA-43D5-AC3C-4B7B68999C93} = {BEED7E87-06AA-4958-A9F5-E079C53D8E18}
		{0AB922E1-CDCF-42EB-957E-A83ACD13E830} = {BEED7E87-06AA-4958-A9F5-E079C53D8E18}
	EndGlobalSection
	GlobalSection(ExtensibilityGlobals) = postSolution
		SolutionGuid = {1AACC5D3-A46E-4CA9-BF23-526DBDB7435B}
	EndGlobalSection
EndGlobal
